// !$*UTF8*$!
{
	archiveVersion = 1;
	classes = {
	};
	objectVersion = 46;
	objects = {

/* Begin PBXBuildFile section */
		361BE3681C4CA33C000B43D3 /* DetailViewController.swift in Sources */ = {isa = PBXBuildFile; fileRef = 361BE3671C4CA33C000B43D3 /* DetailViewController.swift */; };
		3655B64B1C51AF1B008AF4E3 /* MovieCell.swift in Sources */ = {isa = PBXBuildFile; fileRef = 3655B64A1C51AF1B008AF4E3 /* MovieCell.swift */; };
		368CB4B31C3C7387003303C4 /* AppDelegate.swift in Sources */ = {isa = PBXBuildFile; fileRef = 368CB4B21C3C7387003303C4 /* AppDelegate.swift */; };
		368CB4B81C3C7387003303C4 /* Main.storyboard in Resources */ = {isa = PBXBuildFile; fileRef = 368CB4B61C3C7387003303C4 /* Main.storyboard */; };
		368CB4BA1C3C7387003303C4 /* Assets.xcassets in Resources */ = {isa = PBXBuildFile; fileRef = 368CB4B91C3C7387003303C4 /* Assets.xcassets */; };
		368CB4BD1C3C7387003303C4 /* LaunchScreen.storyboard in Resources */ = {isa = PBXBuildFile; fileRef = 368CB4BB1C3C7387003303C4 /* LaunchScreen.storyboard */; };
		368CB4C51C3C74B8003303C4 /* MoviesViewController.swift in Sources */ = {isa = PBXBuildFile; fileRef = 368CB4C41C3C74B8003303C4 /* MoviesViewController.swift */; };
		36B54CBF1C51B33900F16C7A /* CollectionViewController.swift in Sources */ = {isa = PBXBuildFile; fileRef = 36B54CBE1C51B33900F16C7A /* CollectionViewController.swift */; };
		36DE82521C55DE1600CD5D1E /* Images.xcassets in Resources */ = {isa = PBXBuildFile; fileRef = 36DE82511C55DE1600CD5D1E /* Images.xcassets */; };
		36F3D1021C505C94008E1131 /* CollectionViewCell.swift in Sources */ = {isa = PBXBuildFile; fileRef = 36F3D1011C505C94008E1131 /* CollectionViewCell.swift */; };
		EB41A9E632CD6B04A1276991 /* Pods_MovieViewer.framework in Frameworks */ = {isa = PBXBuildFile; fileRef = 2A5228ABCD068E98702580CF /* Pods_MovieViewer.framework */; };
/* End PBXBuildFile section */

/* Begin PBXFileReference section */
		0F658A106ECDD1CA73A35489 /* Pods-MovieViewer.debug.xcconfig */ = {isa = PBXFileReference; includeInIndex = 1; lastKnownFileType = text.xcconfig; name = "Pods-MovieViewer.debug.xcconfig"; path = "Pods/Target Support Files/Pods-MovieViewer/Pods-MovieViewer.debug.xcconfig"; sourceTree = "<group>"; };
		207B6EA2DD7E2C9F60B68F4C /* Pods-MovieViewer.release.xcconfig */ = {isa = PBXFileReference; includeInIndex = 1; lastKnownFileType = text.xcconfig; name = "Pods-MovieViewer.release.xcconfig"; path = "Pods/Target Support Files/Pods-MovieViewer/Pods-MovieViewer.release.xcconfig"; sourceTree = "<group>"; };
		2A5228ABCD068E98702580CF /* Pods_MovieViewer.framework */ = {isa = PBXFileReference; explicitFileType = wrapper.framework; includeInIndex = 0; path = Pods_MovieViewer.framework; sourceTree = BUILT_PRODUCTS_DIR; };
		361BE3671C4CA33C000B43D3 /* DetailViewController.swift */ = {isa = PBXFileReference; fileEncoding = 4; lastKnownFileType = sourcecode.swift; path = DetailViewController.swift; sourceTree = "<group>"; };
		3655B64A1C51AF1B008AF4E3 /* MovieCell.swift */ = {isa = PBXFileReference; fileEncoding = 4; lastKnownFileType = sourcecode.swift; path = MovieCell.swift; sourceTree = "<group>"; };
		368CB4AF1C3C7387003303C4 /* MovieViewer.app */ = {isa = PBXFileReference; explicitFileType = wrapper.application; includeInIndex = 0; path = MovieViewer.app; sourceTree = BUILT_PRODUCTS_DIR; };
		368CB4B21C3C7387003303C4 /* AppDelegate.swift */ = {isa = PBXFileReference; lastKnownFileType = sourcecode.swift; path = AppDelegate.swift; sourceTree = "<group>"; };
		368CB4B71C3C7387003303C4 /* Base */ = {isa = PBXFileReference; lastKnownFileType = file.storyboard; name = Base; path = Base.lproj/Main.storyboard; sourceTree = "<group>"; };
		368CB4B91C3C7387003303C4 /* Assets.xcassets */ = {isa = PBXFileReference; lastKnownFileType = folder.assetcatalog; path = Assets.xcassets; sourceTree = "<group>"; };
		368CB4BC1C3C7387003303C4 /* Base */ = {isa = PBXFileReference; lastKnownFileType = file.storyboard; name = Base; path = Base.lproj/LaunchScreen.storyboard; sourceTree = "<group>"; };
		368CB4BE1C3C7387003303C4 /* Info.plist */ = {isa = PBXFileReference; lastKnownFileType = text.plist.xml; path = Info.plist; sourceTree = "<group>"; };
		368CB4C41C3C74B8003303C4 /* MoviesViewController.swift */ = {isa = PBXFileReference; fileEncoding = 4; lastKnownFileType = sourcecode.swift; path = MoviesViewController.swift; sourceTree = "<group>"; };
		36B54CBE1C51B33900F16C7A /* CollectionViewController.swift */ = {isa = PBXFileReference; fileEncoding = 4; lastKnownFileType = sourcecode.swift; path = CollectionViewController.swift; sourceTree = "<group>"; };
		36DE82511C55DE1600CD5D1E /* Images.xcassets */ = {isa = PBXFileReference; lastKnownFileType = folder.assetcatalog; path = Images.xcassets; sourceTree = "<group>"; };
		36F3D1011C505C94008E1131 /* CollectionViewCell.swift */ = {isa = PBXFileReference; fileEncoding = 4; lastKnownFileType = sourcecode.swift; path = CollectionViewCell.swift; sourceTree = "<group>"; };
/* End PBXFileReference section */

/* Begin PBXFrameworksBuildPhase section */
		368CB4AC1C3C7387003303C4 /* Frameworks */ = {
			isa = PBXFrameworksBuildPhase;
			buildActionMask = 2147483647;
			files = (
				EB41A9E632CD6B04A1276991 /* Pods_MovieViewer.framework in Frameworks */,
			);
			runOnlyForDeploymentPostprocessing = 0;
		};
/* End PBXFrameworksBuildPhase section */

/* Begin PBXGroup section */
		368CB4A61C3C7387003303C4 = {
			isa = PBXGroup;
			children = (
				368CB4B11C3C7387003303C4 /* MovieViewer */,
				368CB4B01C3C7387003303C4 /* Products */,
				59C61153459657555ED06D37 /* Pods */,
				BF75877D2FAB107ED0F69154 /* Frameworks */,
			);
			sourceTree = "<group>";
		};
		368CB4B01C3C7387003303C4 /* Products */ = {
			isa = PBXGroup;
			children = (
				368CB4AF1C3C7387003303C4 /* MovieViewer.app */,
			);
			name = Products;
			sourceTree = "<group>";
		};
		368CB4B11C3C7387003303C4 /* MovieViewer */ = {
			isa = PBXGroup;
			children = (
				368CB4C91C3C9047003303C4 /* View Controller */,
				368CB4C61C3C8FD6003303C4 /* Views */,
				368CB4B21C3C7387003303C4 /* AppDelegate.swift */,
				368CB4B61C3C7387003303C4 /* Main.storyboard */,
				368CB4BB1C3C7387003303C4 /* LaunchScreen.storyboard */,
				368CB4B91C3C7387003303C4 /* Assets.xcassets */,
				36DE82511C55DE1600CD5D1E /* Images.xcassets */,
				368CB4BE1C3C7387003303C4 /* Info.plist */,
			);
			path = MovieViewer;
			sourceTree = "<group>";
		};
		368CB4C61C3C8FD6003303C4 /* Views */ = {
			isa = PBXGroup;
			children = (
				3655B64A1C51AF1B008AF4E3 /* MovieCell.swift */,
				36F3D1011C505C94008E1131 /* CollectionViewCell.swift */,
			);
			name = Views;
			sourceTree = "<group>";
		};
		368CB4C91C3C9047003303C4 /* View Controller */ = {
			isa = PBXGroup;
			children = (
				368CB4C41C3C74B8003303C4 /* MoviesViewController.swift */,
				36B54CBE1C51B33900F16C7A /* CollectionViewController.swift */,
				361BE3671C4CA33C000B43D3 /* DetailViewController.swift */,
			);
			name = "View Controller";
			sourceTree = "<group>";
		};
		59C61153459657555ED06D37 /* Pods */ = {
			isa = PBXGroup;
			children = (
				0F658A106ECDD1CA73A35489 /* Pods-MovieViewer.debug.xcconfig */,
				207B6EA2DD7E2C9F60B68F4C /* Pods-MovieViewer.release.xcconfig */,
			);
			name = Pods;
			sourceTree = "<group>";
		};
		BF75877D2FAB107ED0F69154 /* Frameworks */ = {
			isa = PBXGroup;
			children = (
				2A5228ABCD068E98702580CF /* Pods_MovieViewer.framework */,
			);
			name = Frameworks;
			sourceTree = "<group>";
		};
/* End PBXGroup section */

/* Begin PBXNativeTarget section */
		368CB4AE1C3C7387003303C4 /* MovieViewer */ = {
			isa = PBXNativeTarget;
			buildConfigurationList = 368CB4C11C3C7387003303C4 /* Build configuration list for PBXNativeTarget "MovieViewer" */;
			buildPhases = (
				98471DCD69D0D88D5191D097 /* Check Pods Manifest.lock */,
				368CB4AB1C3C7387003303C4 /* Sources */,
				368CB4AC1C3C7387003303C4 /* Frameworks */,
				368CB4AD1C3C7387003303C4 /* Resources */,
				EB5BC93993CF6221EF693BB3 /* Embed Pods Frameworks */,
				EF780208F9C8B8807E8A109A /* Copy Pods Resources */,
			);
			buildRules = (
			);
			dependencies = (
			);
			name = MovieViewer;
			productName = MovieViewer;
			productReference = 368CB4AF1C3C7387003303C4 /* MovieViewer.app */;
			productType = "com.apple.product-type.application";
		};
/* End PBXNativeTarget section */

/* Begin PBXProject section */
		368CB4A71C3C7387003303C4 /* Project object */ = {
			isa = PBXProject;
			attributes = {
				LastSwiftUpdateCheck = 0710;
				LastUpgradeCheck = 0710;
				ORGANIZATIONNAME = "Jasmine Farrell";
				TargetAttributes = {
					368CB4AE1C3C7387003303C4 = {
						CreatedOnToolsVersion = 7.1.1;
						DevelopmentTeam = MQ74B24373;
					};
				};
			};
			buildConfigurationList = 368CB4AA1C3C7387003303C4 /* Build configuration list for PBXProject "MovieViewer" */;
			compatibilityVersion = "Xcode 3.2";
			developmentRegion = English;
			hasScannedForEncodings = 0;
			knownRegions = (
				en,
				Base,
			);
			mainGroup = 368CB4A61C3C7387003303C4;
			productRefGroup = 368CB4B01C3C7387003303C4 /* Products */;
			projectDirPath = "";
			projectRoot = "";
			targets = (
				368CB4AE1C3C7387003303C4 /* MovieViewer */,
			);
		};
/* End PBXProject section */

/* Begin PBXResourcesBuildPhase section */
		368CB4AD1C3C7387003303C4 /* Resources */ = {
			isa = PBXResourcesBuildPhase;
			buildActionMask = 2147483647;
			files = (
				368CB4BD1C3C7387003303C4 /* LaunchScreen.storyboard in Resources */,
				36DE82521C55DE1600CD5D1E /* Images.xcassets in Resources */,
				368CB4BA1C3C7387003303C4 /* Assets.xcassets in Resources */,
				368CB4B81C3C7387003303C4 /* Main.storyboard in Resources */,
			);
			runOnlyForDeploymentPostprocessing = 0;
		};
/* End PBXResourcesBuildPhase section */

/* Begin PBXShellScriptBuildPhase section */
		98471DCD69D0D88D5191D097 /* Check Pods Manifest.lock */ = {
			isa = PBXShellScriptBuildPhase;
			buildActionMask = 2147483647;
			files = (
			);
			inputPaths = (
			);
			name = "Check Pods Manifest.lock";
			outputPaths = (
			);
			runOnlyForDeploymentPostprocessing = 0;
			shellPath = /bin/sh;
			shellScript = "diff \"${PODS_ROOT}/../Podfile.lock\" \"${PODS_ROOT}/Manifest.lock\" > /dev/null\nif [[ $? != 0 ]] ; then\n    cat << EOM\nerror: The sandbox is not in sync with the Podfile.lock. Run 'pod install' or update your CocoaPods installation.\nEOM\n    exit 1\nfi\n";
			showEnvVarsInLog = 0;
		};
		EB5BC93993CF6221EF693BB3 /* Embed Pods Frameworks */ = {
			isa = PBXShellScriptBuildPhase;
			buildActionMask = 2147483647;
			files = (
			);
			inputPaths = (
			);
			name = "Embed Pods Frameworks";
			outputPaths = (
			);
			runOnlyForDeploymentPostprocessing = 0;
			shellPath = /bin/sh;
			shellScript = "\"${SRCROOT}/Pods/Target Support Files/Pods-MovieViewer/Pods-MovieViewer-frameworks.sh\"\n";
			showEnvVarsInLog = 0;
		};
		EF780208F9C8B8807E8A109A /* Copy Pods Resources */ = {
			isa = PBXShellScriptBuildPhase;
			buildActionMask = 2147483647;
			files = (
			);
			inputPaths = (
			);
			name = "Copy Pods Resources";
			outputPaths = (
			);
			runOnlyForDeploymentPostprocessing = 0;
			shellPath = /bin/sh;
			shellScript = "\"${SRCROOT}/Pods/Target Support Files/Pods-MovieViewer/Pods-MovieViewer-resources.sh\"\n";
			showEnvVarsInLog = 0;
		};
/* End PBXShellScriptBuildPhase section */

/* Begin PBXSourcesBuildPhase section */
		368CB4AB1C3C7387003303C4 /* Sources */ = {
			isa = PBXSourcesBuildPhase;
			buildActionMask = 2147483647;
			files = (
				36B54CBF1C51B33900F16C7A /* CollectionViewController.swift in Sources */,
				36F3D1021C505C94008E1131 /* CollectionViewCell.swift in Sources */,
				368CB4B31C3C7387003303C4 /* AppDelegate.swift in Sources */,
				368CB4C51C3C74B8003303C4 /* MoviesViewController.swift in Sources */,
				3655B64B1C51AF1B008AF4E3 /* MovieCell.swift in Sources */,
				361BE3681C4CA33C000B43D3 /* DetailViewController.swift in Sources */,
			);
			runOnlyForDeploymentPostprocessing = 0;
		};
/* End PBXSourcesBuildPhase section */

/* Begin PBXVariantGroup section */
		368CB4B61C3C7387003303C4 /* Main.storyboard */ = {
			isa = PBXVariantGroup;
			children = (
				368CB4B71C3C7387003303C4 /* Base */,
			);
			name = Main.storyboard;
			sourceTree = "<group>";
		};
		368CB4BB1C3C7387003303C4 /* LaunchScreen.storyboard */ = {
			isa = PBXVariantGroup;
			children = (
				368CB4BC1C3C7387003303C4 /* Base */,
			);
			name = LaunchScreen.storyboard;
			sourceTree = "<group>";
		};
/* End PBXVariantGroup section */

/* Begin XCBuildConfiguration section */
		368CB4BF1C3C7387003303C4 /* Debug */ = {
			isa = XCBuildConfiguration;
			buildSettings = {
				ALWAYS_SEARCH_USER_PATHS = NO;
				CLANG_CXX_LANGUAGE_STANDARD = "gnu++0x";
				CLANG_CXX_LIBRARY = "libc++";
				CLANG_ENABLE_MODULES = YES;
				CLANG_ENABLE_OBJC_ARC = YES;
				CLANG_WARN_BOOL_CONVERSION = YES;
				CLANG_WARN_CONSTANT_CONVERSION = YES;
				CLANG_WARN_DIRECT_OBJC_ISA_USAGE = YES_ERROR;
				CLANG_WARN_EMPTY_BODY = YES;
				CLANG_WARN_ENUM_CONVERSION = YES;
				CLANG_WARN_INT_CONVERSION = YES;
				CLANG_WARN_OBJC_ROOT_CLASS = YES_ERROR;
				CLANG_WARN_UNREACHABLE_CODE = YES;
				CLANG_WARN__DUPLICATE_METHOD_MATCH = YES;
				"CODE_SIGN_IDENTITY[sdk=iphoneos*]" = "iPhone Developer";
				COPY_PHASE_STRIP = NO;
				DEBUG_INFORMATION_FORMAT = dwarf;
				ENABLE_STRICT_OBJC_MSGSEND = YES;
				ENABLE_TESTABILITY = YES;
				GCC_C_LANGUAGE_STANDARD = gnu99;
				GCC_DYNAMIC_NO_PIC = NO;
				GCC_NO_COMMON_BLOCKS = YES;
				GCC_OPTIMIZATION_LEVEL = 0;
				GCC_PREPROCESSOR_DEFINITIONS = (
					"DEBUG=1",
					"$(inherited)",
				);
				GCC_WARN_64_TO_32_BIT_CONVERSION = YES;
				GCC_WARN_ABOUT_RETURN_TYPE = YES_ERROR;
				GCC_WARN_UNDECLARED_SELECTOR = YES;
				GCC_WARN_UNINITIALIZED_AUTOS = YES_AGGRESSIVE;
				GCC_WARN_UNUSED_FUNCTION = YES;
				GCC_WARN_UNUSED_VARIABLE = YES;
				IPHONEOS_DEPLOYMENT_TARGET = 9.1;
				MTL_ENABLE_DEBUG_INFO = YES;
				ONLY_ACTIVE_ARCH = YES;
				SDKROOT = iphoneos;
				SWIFT_OPTIMIZATION_LEVEL = "-Onone";
			};
			name = Debug;
		};
		368CB4C01C3C7387003303C4 /* Release */ = {
			isa = XCBuildConfiguration;
			buildSettings = {
				ALWAYS_SEARCH_USER_PATHS = NO;
				CLANG_CXX_LANGUAGE_STANDARD = "gnu++0x";
				CLANG_CXX_LIBRARY = "libc++";
				CLANG_ENABLE_MODULES = YES;
				CLANG_ENABLE_OBJC_ARC = YES;
				CLANG_WARN_BOOL_CONVERSION = YES;
				CLANG_WARN_CONSTANT_CONVERSION = YES;
				CLANG_WARN_DIRECT_OBJC_ISA_USAGE = YES_ERROR;
				CLANG_WARN_EMPTY_BODY = YES;
				CLANG_WARN_ENUM_CONVERSION = YES;
				CLANG_WARN_INT_CONVERSION = YES;
				CLANG_WARN_OBJC_ROOT_CLASS = YES_ERROR;
				CLANG_WARN_UNREACHABLE_CODE = YES;
				CLANG_WARN__DUPLICATE_METHOD_MATCH = YES;
				"CODE_SIGN_IDENTITY[sdk=iphoneos*]" = "iPhone Developer";
				COPY_PHASE_STRIP = NO;
				DEBUG_INFORMATION_FORMAT = "dwarf-with-dsym";
				ENABLE_NS_ASSERTIONS = NO;
				ENABLE_STRICT_OBJC_MSGSEND = YES;
				GCC_C_LANGUAGE_STANDARD = gnu99;
				GCC_NO_COMMON_BLOCKS = YES;
				GCC_WARN_64_TO_32_BIT_CONVERSION = YES;
				GCC_WARN_ABOUT_RETURN_TYPE = YES_ERROR;
				GCC_WARN_UNDECLARED_SELECTOR = YES;
				GCC_WARN_UNINITIALIZED_AUTOS = YES_AGGRESSIVE;
				GCC_WARN_UNUSED_FUNCTION = YES;
				GCC_WARN_UNUSED_VARIABLE = YES;
				IPHONEOS_DEPLOYMENT_TARGET = 9.1;
				MTL_ENABLE_DEBUG_INFO = NO;
				SDKROOT = iphoneos;
				VALIDATE_PRODUCT = YES;
			};
			name = Release;
		};
		368CB4C21C3C7387003303C4 /* Debug */ = {
			isa = XCBuildConfiguration;
			baseConfigurationReference = 0F658A106ECDD1CA73A35489 /* Pods-MovieViewer.debug.xcconfig */;
			buildSettings = {
				ASSETCATALOG_COMPILER_APPICON_NAME = AppIcon;
				INFOPLIST_FILE = MovieViewer/Info.plist;
				LD_RUNPATH_SEARCH_PATHS = "$(inherited) @executable_path/Frameworks";
				PRODUCT_BUNDLE_IDENTIFIER = codepath.MovieViewer;
				PRODUCT_NAME = "$(TARGET_NAME)";
				TARGETED_DEVICE_FAMILY = "1,2";
			};
			name = Debug;
		};
		368CB4C31C3C7387003303C4 /* Release */ = {
			isa = XCBuildConfiguration;
			baseConfigurationReference = 207B6EA2DD7E2C9F60B68F4C /* Pods-MovieViewer.release.xcconfig */;
			buildSettings = {
				ASSETCATALOG_COMPILER_APPICON_NAME = AppIcon;
				INFOPLIST_FILE = MovieViewer/Info.plist;
				LD_RUNPATH_SEARCH_PATHS = "$(inherited) @executable_path/Frameworks";
				PRODUCT_BUNDLE_IDENTIFIER = codepath.MovieViewer;
				PRODUCT_NAME = "$(TARGET_NAME)";
				TARGETED_DEVICE_FAMILY = "1,2";
			};
			name = Release;
		};
/* End XCBuildConfiguration section */

/* Begin XCConfigurationList section */
		368CB4AA1C3C7387003303C4 /* Build configuration list for PBXProject "MovieViewer" */ = {
			isa = XCConfigurationList;
			buildConfigurations = (
				368CB4BF1C3C7387003303C4 /* Debug */,
				368CB4C01C3C7387003303C4 /* Release */,
			);
			defaultConfigurationIsVisible = 0;
			defaultConfigurationName = Release;
		};
		368CB4C11C3C7387003303C4 /* Build configuration list for PBXNativeTarget "MovieViewer" */ = {
			isa = XCConfigurationList;
			buildConfigurations = (
				368CB4C21C3C7387003303C4 /* Debug */,
				368CB4C31C3C7387003303C4 /* Release */,
			);
			defaultConfigurationIsVisible = 0;
			defaultConfigurationName = Release;
		};
/* End XCConfigurationList section */
	};
	rootObject = 368CB4A71C3C7387003303C4 /* Project object */;
}
